{
  "name": "consume-ts",
  "version": "1.0.0",
  "lockfileVersion": 1,
  "requires": true,
  "dependencies": {
    "@atlassian/aui": {
      "version": "8.3.5",
      "resolved": "https://packages.atlassian.com/api/npm/atlassian-npm/@atlassian/aui/-/@atlassian/aui-8.3.5.tgz",
      "integrity": "sha1-hw4XI09VV+ZfMvJAY8Ah8+lQAps=",
      "requires": {
        "@atlassian/brand-logos": "^1.2.0",
        "@atlassian/tipsy": "^1.3.1",
        "backbone": "^1.3.3",
        "css.escape": "1.5.0",
        "fancy-file-input": "~2.0.4",
        "jquery-ui": "^1.12.1",
        "popper.js": "^1.14.5",
        "skatejs": "0.13.17",
        "skatejs-template-html": "0.0.0",
        "trim-extra-html-whitespace": "1.3.0",
        "underscore": "^1.9.1"
      }
    },
    "@atlassian/brand-logos": {
      "version": "1.2.0",
      "resolved": "https://packages.atlassian.com/api/npm/atlassian-npm/@atlassian/brand-logos/-/@atlassian/brand-logos-1.2.0.tgz",
      "integrity": "sha1-hX7f74XP/g+OQGva3LFGj5AHKTA="
    },
    "@atlassian/tipsy": {
      "version": "1.3.2",
      "resolved": "https://packages.atlassian.com/api/npm/atlassian-npm/@atlassian/tipsy/-/@atlassian/tipsy-1.3.2.tgz",
      "integrity": "sha1-5+NNRWIB6Hpj6nIlglu7B+aBmL8="
    },
    "@types/jquery": {
      "version": "2.0.54",
      "resolved": "https://packages.atlassian.com/api/npm/npm-remote/@types/jquery/-/jquery-2.0.54.tgz",
      "integrity": "sha1-15mSRfd8P6tdhOfTK4psIL/R8HI=",
      "dev": true
    },
    "@types/pluralize": {
      "version": "0.0.29",
      "resolved": "https://packages.atlassian.com/api/npm/npm-remote/@types/pluralize/-/pluralize-0.0.29.tgz",
      "integrity": "sha1-b/oz7R/IgTxGm4WWgdCXB+tA0Dw=",
      "dev": true
    },
    "@types/tinymce": {
      "version": "4.5.24",
      "resolved": "https://packages.atlassian.com/api/npm/npm-remote/@types/tinymce/-/tinymce-4.5.24.tgz",
      "integrity": "sha1-4iXj+oLwwqwgOe98OisAyAy940M=",
      "dev": true,
      "requires": {
        "@types/jquery": "*"
      }
    },
    "backbone": {
      "version": "1.4.0",
      "resolved": "http://localhost:4873/backbone/-/backbone-1.4.0.tgz",
      "integrity": "sha512-RLmDrRXkVdouTg38jcgHhyQ/2zjg7a8E6sz2zxfz21Hh17xDJYUHBZimVIt5fUyS8vbfpeSmTL3gUjTEvUV3qQ==",
      "requires": {
        "underscore": ">=1.8.3"
      }
    },
    "css.escape": {
      "version": "1.5.0",
      "resolved": "http://localhost:4873/css.escape/-/css.escape-1.5.0.tgz",
      "integrity": "sha1-lZhNeIfOTKkGhOgTlm9C0e+H7Oo="
    },
    "fancy-file-input": {
      "version": "2.0.4",
      "resolved": "http://localhost:4873/fancy-file-input/-/fancy-file-input-2.0.4.tgz",
      "integrity": "sha512-l+J0WwDl4nM/zMJ/C8qleYnXMUJKsLng7c5uWH/miAiHoTvPDtEoLW1tmVO6Cy2O8i/1VfA+2YOwg/Q3+kgO6w=="
    },
    "jquery-ui": {
      "version": "1.12.1",
      "resolved": "http://localhost:4873/jquery-ui/-/jquery-ui-1.12.1.tgz",
      "integrity": "sha1-vLQEXI3QU5wTS8FIjN0+dop6nlE="
    },
    "masks-js": {
      "version": "0.0.2",
      "resolved": "http://localhost:4873/masks-js/-/masks-js-0.0.2.tgz",
      "integrity": "sha512-TN/fXR8wPRGDB7uTuuiMqitO9I/KCIJGeMe2TdPydFdYRxaJfsh+4UnG8bW0lvKnPVLL/Qyy/ZLzs/gYOF/+Og=="
    },
    "pluralize": {
      "version": "8.0.0",
      "resolved": "http://localhost:4873/pluralize/-/pluralize-8.0.0.tgz",
      "integrity": "sha512-Nc3IT5yHzflTfbjgqWcCPpo7DaKy4FnpB0l/zCAW0Tc7jxAiuqSxHasntB3D7887LSrA93kDJ9IXovxJYxyLCA=="
    },
    "popper.js": {
      "version": "1.16.1",
      "resolved": "http://localhost:4873/popper.js/-/popper.js-1.16.1.tgz",
      "integrity": "sha512-Wb4p1J4zyFTbM+u6WuO4XstYx4Ky9Cewe4DWrel7B0w6VVICvPwdOpotjzcf6eD8TsckVnIMNONQyPIUFOUbCQ=="
    },
    "publish-ts": {
      "version": "1.0.2",
      "resolved": "http://localhost:4873/publish-ts/-/publish-ts-1.0.2.tgz",
      "integrity": "sha512-6VDpn6dBUpvY3F1ru1GADkaESzmrhr8cquKJ0gMs4yHEOcjzma2Uovv4sI/a+rAlMa2RSTLXoywUvN0HQmLFqA==",
      "requires": {
        "@atlassian/aui": "8.3.5",
        "jquery-ui": "^1.12.1",
        "masks-js": "0.0.2",
        "pluralize": "^8.0.0"
      }
    },
    "skatejs": {
      "version": "0.13.17",
      "resolved": "http://localhost:4873/skatejs/-/skatejs-0.13.17.tgz",
      "integrity": "sha1-eiH7s0NNpF5StHthZHFo7p53gHE="
    },
    "skatejs-template-html": {
      "version": "0.0.0",
      "resolved": "http://localhost:4873/skatejs-template-html/-/skatejs-template-html-0.0.0.tgz",
      "integrity": "sha1-6ZDBp9S1i3MF/8wzOJOb9AICPfc="
    },
    "trim-extra-html-whitespace": {
      "version": "1.3.0",
      "resolved": "http://localhost:4873/trim-extra-html-whitespace/-/trim-extra-html-whitespace-1.3.0.tgz",
      "integrity": "sha1-tH77DRpfKlaoXMRc6lJWUek0BM8="
    },
    "typescript": {
      "version": "3.8.3",
      "resolved": "https://packages.atlassian.com/api/npm/npm-remote/typescript/-/typescript-3.8.3.tgz",
      "integrity": "sha1-QJ64VE6gM1cRIFhp7EWKsQnuEGE=",
      "dev": true
    },
    "underscore": {
      "version": "1.10.2",
      "resolved": "http://localhost:4873/underscore/-/underscore-1.10.2.tgz",
      "integrity": "sha512-N4P+Q/BuyuEKFJ43B9gYuOj4TQUHXX+j2FqguVOpjkssLUUrnJofCcBccJSCoeturDoZU6GorDTHSvUDlSQbTg=="
    }
  }
}
